{
  "version": 4,
  "terraform_version": "1.7.4",
  "serial": 7,
  "lineage": "3d9be361-a71a-4866-80ab-543aa21feb03",
  "outputs": {
    "droplet_ip": {
      "value": "198.211.109.85",
      "type": "string"
    }
  },
  "resources": [
    {
      "mode": "data",
      "type": "digitalocean_ssh_key",
      "name": "ssh_key",
      "provider": "provider[\"registry.terraform.io/digitalocean/digitalocean\"]",
      "instances": [
        {
          "schema_version": 0,
          "attributes": {
            "fingerprint": "5e:ee:bf:84:a4:15:46:91:c1:ad:fa:47:d3:52:74:fc",
            "id": 41200224,
            "name": "WSL",
            "public_key": "ssh-rsa AAAAB3NzaC1yc2EAAAADAQABAAABgQDh49tyGfDVSz8LceiTjMuFguUTU/RYZChWl05NBGnSaiX6WmHJAW0eiKXdMjxe5dUxuKTotOLrIHFosroGLLMl2XMtsu5VtDgrcZeD97yfU0ElQwMcbOKjKOfdlGQk4tc4ZzP/vlKcgztbWnegl8u9oFeFxGw34I+M9Mdgub0AOEtnNqGw0d5jlPmsrSYiSnkZdJCpjGVEdPCRJ24hK/Kr9slIT6yhffzn97wdfnDIX4DXe9PsDXcVvFsUESxi5UY+XMtgyQmqxxgOQN3VZc1zDUIlHFyhPnSRcsoRswBo/MMqZVwIRxmvb6qizhI6P4OLByhRBfBtHaSSMg+JlZK+/Na5iYttzRVR7M/CrzC1y6kgqkT5VXUGzhgk5h97S3UdekMPGu902O46h71hB050szjnXEjcoPoTnWRen47f01ralLNVjhvVUl3MH9eyEHkmdJwI2Jd1i6Ng24HgCmLowq0evN65BbRJ12oUVuYJvUgMhF9hW/9j8VDFRVvYF/0= giovanni@V3X0R"
          },
          "sensitive_attributes": []
        }
      ]
    },
    {
      "mode": "managed",
      "type": "digitalocean_droplet",
      "name": "api-filmes",
      "provider": "provider[\"registry.terraform.io/digitalocean/digitalocean\"]",
      "instances": [
        {
          "schema_version": 1,
          "attributes": {
            "backups": false,
            "created_at": "2024-03-05T00:03:11Z",
            "disk": 50,
            "droplet_agent": null,
            "graceful_shutdown": false,
            "id": "404900724",
            "image": "ubuntu-22-04-x64",
            "ipv4_address": "198.211.109.85",
            "ipv4_address_private": "10.116.0.2",
            "ipv6": false,
            "ipv6_address": "",
            "locked": false,
            "memory": 2048,
            "monitoring": false,
            "name": "api-filmes",
            "price_hourly": 0.01786,
            "price_monthly": 12,
            "private_networking": true,
            "region": "nyc1",
            "resize_disk": true,
            "size": "s-1vcpu-2gb",
            "ssh_keys": [
              "41200224"
            ],
            "status": "active",
            "tags": [],
            "timeouts": null,
            "urn": "do:droplet:404900724",
            "user_data": null,
            "vcpus": 1,
            "volume_ids": [],
            "vpc_uuid": "1b2c81f2-9f5f-4aa6-9418-b00fc596a2c6"
          },
          "sensitive_attributes": [],
          "private": "eyJlMmJmYjczMC1lY2FhLTExZTYtOGY4OC0zNDM2M2JjN2M0YzAiOnsiY3JlYXRlIjozNjAwMDAwMDAwMDAwLCJkZWxldGUiOjYwMDAwMDAwMDAwLCJ1cGRhdGUiOjM2MDAwMDAwMDAwMDB9LCJzY2hlbWFfdmVyc2lvbiI6IjEifQ==",
          "dependencies": [
            "data.digitalocean_ssh_key.ssh_key"
          ]
        }
      ]
    },
    {
      "mode": "managed",
      "type": "digitalocean_firewall",
      "name": "firewall-api-filmes",
      "provider": "provider[\"registry.terraform.io/digitalocean/digitalocean\"]",
      "instances": [
        {
          "schema_version": 0,
          "attributes": {
            "created_at": "2024-03-05T00:08:47Z",
            "droplet_ids": [
              404900724
            ],
            "id": "bac9c2bf-5cec-42fa-a083-1fa5203fabe8",
            "inbound_rule": [
              {
                "port_range": "22",
                "protocol": "tcp",
                "source_addresses": [
                  "0.0.0.0/0",
                  "::/0"
                ],
                "source_droplet_ids": [],
                "source_kubernetes_ids": [],
                "source_load_balancer_uids": [],
                "source_tags": []
              },
              {
                "port_range": "443",
                "protocol": "tcp",
                "source_addresses": [
                  "0.0.0.0/0",
                  "::/0"
                ],
                "source_droplet_ids": [],
                "source_kubernetes_ids": [],
                "source_load_balancer_uids": [],
                "source_tags": []
              },
              {
                "port_range": "53",
                "protocol": "tcp",
                "source_addresses": [
                  "0.0.0.0/0",
                  "::/0"
                ],
                "source_droplet_ids": [],
                "source_kubernetes_ids": [],
                "source_load_balancer_uids": [],
                "source_tags": []
              },
              {
                "port_range": "80",
                "protocol": "tcp",
                "source_addresses": [
                  "0.0.0.0/0",
                  "::/0"
                ],
                "source_droplet_ids": [],
                "source_kubernetes_ids": [],
                "source_load_balancer_uids": [],
                "source_tags": []
              }
            ],
            "name": "firewall-api-filmes",
            "outbound_rule": [
              {
                "destination_addresses": [
                  "0.0.0.0/0",
                  "::/0"
                ],
                "destination_droplet_ids": [],
                "destination_kubernetes_ids": [],
                "destination_load_balancer_uids": [],
                "destination_tags": [],
                "port_range": "22",
                "protocol": "tcp"
              },
              {
                "destination_addresses": [
                  "0.0.0.0/0",
                  "::/0"
                ],
                "destination_droplet_ids": [],
                "destination_kubernetes_ids": [],
                "destination_load_balancer_uids": [],
                "destination_tags": [],
                "port_range": "443",
                "protocol": "tcp"
              },
              {
                "destination_addresses": [
                  "0.0.0.0/0",
                  "::/0"
                ],
                "destination_droplet_ids": [],
                "destination_kubernetes_ids": [],
                "destination_load_balancer_uids": [],
                "destination_tags": [],
                "port_range": "53",
                "protocol": "tcp"
              },
              {
                "destination_addresses": [
                  "0.0.0.0/0",
                  "::/0"
                ],
                "destination_droplet_ids": [],
                "destination_kubernetes_ids": [],
                "destination_load_balancer_uids": [],
                "destination_tags": [],
                "port_range": "80",
                "protocol": "tcp"
              }
            ],
            "pending_changes": [],
            "status": "succeeded",
            "tags": []
          },
          "sensitive_attributes": [],
          "private": "bnVsbA==",
          "dependencies": [
            "data.digitalocean_ssh_key.ssh_key",
            "digitalocean_droplet.api-filmes"
          ]
        }
      ]
    }
  ],
  "check_results": null
}
